// !$*UTF8*$!
{
	archiveVersion = 1;
	classes = {
	};
	objectVersion = 50;
	objects = {

/* Begin PBXBuildFile section */
		2013A5392593631500C85AD3 /* AppDelegate.swift in Sources */ = {isa = PBXBuildFile; fileRef = 2013A5382593631500C85AD3 /* AppDelegate.swift */; };
		2013A53B2593631500C85AD3 /* SceneDelegate.swift in Sources */ = {isa = PBXBuildFile; fileRef = 2013A53A2593631500C85AD3 /* SceneDelegate.swift */; };
		2013A53D2593631500C85AD3 /* PersonsListViewController.swift in Sources */ = {isa = PBXBuildFile; fileRef = 2013A53C2593631500C85AD3 /* PersonsListViewController.swift */; };
		2013A5402593631500C85AD3 /* Main.storyboard in Resources */ = {isa = PBXBuildFile; fileRef = 2013A53E2593631500C85AD3 /* Main.storyboard */; };
		2013A5422593631900C85AD3 /* Assets.xcassets in Resources */ = {isa = PBXBuildFile; fileRef = 2013A5412593631900C85AD3 /* Assets.xcassets */; };
		2013A5452593631900C85AD3 /* LaunchScreen.storyboard in Resources */ = {isa = PBXBuildFile; fileRef = 2013A5432593631900C85AD3 /* LaunchScreen.storyboard */; };
		20B074C825936669002CCB56 /* Person.swift in Sources */ = {isa = PBXBuildFile; fileRef = 20B074C725936669002CCB56 /* Person.swift */; };
		20B074CB25936703002CCB56 /* MockData.swift in Sources */ = {isa = PBXBuildFile; fileRef = 20B074CA25936703002CCB56 /* MockData.swift */; };
		20B074CF25936EE6002CCB56 /* ContactListTableViewController.swift in Sources */ = {isa = PBXBuildFile; fileRef = 20B074CE25936EE6002CCB56 /* ContactListTableViewController.swift */; };
		20B074D22593811C002CCB56 /* PersonInfoViewController.swift in Sources */ = {isa = PBXBuildFile; fileRef = 20B074D12593811C002CCB56 /* PersonInfoViewController.swift */; };
/* End PBXBuildFile section */

/* Begin PBXFileReference section */
		2013A5352593631500C85AD3 /* ContactList.app */ = {isa = PBXFileReference; explicitFileType = wrapper.application; includeInIndex = 0; path = ContactList.app; sourceTree = BUILT_PRODUCTS_DIR; };
		2013A5382593631500C85AD3 /* AppDelegate.swift */ = {isa = PBXFileReference; lastKnownFileType = sourcecode.swift; path = AppDelegate.swift; sourceTree = "<group>"; };
		2013A53A2593631500C85AD3 /* SceneDelegate.swift */ = {isa = PBXFileReference; lastKnownFileType = sourcecode.swift; path = SceneDelegate.swift; sourceTree = "<group>"; };
		2013A53C2593631500C85AD3 /* PersonsListViewController.swift */ = {isa = PBXFileReference; lastKnownFileType = sourcecode.swift; path = PersonsListViewController.swift; sourceTree = "<group>"; };
		2013A53F2593631500C85AD3 /* Base */ = {isa = PBXFileReference; lastKnownFileType = file.storyboard; name = Base; path = Base.lproj/Main.storyboard; sourceTree = "<group>"; };
		2013A5412593631900C85AD3 /* Assets.xcassets */ = {isa = PBXFileReference; lastKnownFileType = folder.assetcatalog; path = Assets.xcassets; sourceTree = "<group>"; };
		2013A5442593631900C85AD3 /* Base */ = {isa = PBXFileReference; lastKnownFileType = file.storyboard; name = Base; path = Base.lproj/LaunchScreen.storyboard; sourceTree = "<group>"; };
		2013A5462593631900C85AD3 /* Info.plist */ = {isa = PBXFileReference; lastKnownFileType = text.plist.xml; path = Info.plist; sourceTree = "<group>"; };
		20B074C725936669002CCB56 /* Person.swift */ = {isa = PBXFileReference; lastKnownFileType = sourcecode.swift; path = Person.swift; sourceTree = "<group>"; };
		20B074CA25936703002CCB56 /* MockData.swift */ = {isa = PBXFileReference; lastKnownFileType = sourcecode.swift; path = MockData.swift; sourceTree = "<group>"; };
		20B074CE25936EE6002CCB56 /* ContactListTableViewController.swift */ = {isa = PBXFileReference; lastKnownFileType = sourcecode.swift; path = ContactListTableViewController.swift; sourceTree = "<group>"; };
		20B074D12593811C002CCB56 /* PersonInfoViewController.swift */ = {isa = PBXFileReference; lastKnownFileType = sourcecode.swift; path = PersonInfoViewController.swift; sourceTree = "<group>"; };
/* End PBXFileReference section */

/* Begin PBXFrameworksBuildPhase section */
		2013A5322593631500C85AD3 /* Frameworks */ = {
			isa = PBXFrameworksBuildPhase;
			buildActionMask = 2147483647;
			files = (
			);
			runOnlyForDeploymentPostprocessing = 0;
		};
/* End PBXFrameworksBuildPhase section */

/* Begin PBXGroup section */
		2013A52C2593631500C85AD3 = {
			isa = PBXGroup;
			children = (
				2013A5372593631500C85AD3 /* ContactList */,
				2013A5362593631500C85AD3 /* Products */,
			);
			sourceTree = "<group>";
		};
		2013A5362593631500C85AD3 /* Products */ = {
			isa = PBXGroup;
			children = (
				2013A5352593631500C85AD3 /* ContactList.app */,
			);
			name = Products;
			sourceTree = "<group>";
		};
		2013A5372593631500C85AD3 /* ContactList */ = {
			isa = PBXGroup;
			children = (
				2013A54F2593646800C85AD3 /* Models */,
				2013A553259364C100C85AD3 /* Storyboards */,
				2013A552259364AA00C85AD3 /* ViewControllers */,
				2013A5512593647900C85AD3 /* Resources */,
				2013A5502593646F00C85AD3 /* Supporting Files */,
			);
			path = ContactList;
			sourceTree = "<group>";
		};
		2013A54F2593646800C85AD3 /* Models */ = {
			isa = PBXGroup;
			children = (
				20B074C725936669002CCB56 /* Person.swift */,
				20B074CA25936703002CCB56 /* MockData.swift */,
			);
			path = Models;
			sourceTree = "<group>";
		};
		2013A5502593646F00C85AD3 /* Supporting Files */ = {
			isa = PBXGroup;
			children = (
				2013A5382593631500C85AD3 /* AppDelegate.swift */,
				2013A53A2593631500C85AD3 /* SceneDelegate.swift */,
				2013A5462593631900C85AD3 /* Info.plist */,
			);
			path = "Supporting Files";
			sourceTree = "<group>";
		};
		2013A5512593647900C85AD3 /* Resources */ = {
			isa = PBXGroup;
			children = (
				2013A5412593631900C85AD3 /* Assets.xcassets */,
			);
			path = Resources;
			sourceTree = "<group>";
		};
		2013A552259364AA00C85AD3 /* ViewControllers */ = {
			isa = PBXGroup;
			children = (
				2013A53C2593631500C85AD3 /* PersonsListViewController.swift */,
				20B074CE25936EE6002CCB56 /* ContactListTableViewController.swift */,
				20B074D12593811C002CCB56 /* PersonInfoViewController.swift */,
			);
			path = ViewControllers;
			sourceTree = "<group>";
		};
		2013A553259364C100C85AD3 /* Storyboards */ = {
			isa = PBXGroup;
			children = (
				2013A53E2593631500C85AD3 /* Main.storyboard */,
				2013A5432593631900C85AD3 /* LaunchScreen.storyboard */,
			);
			path = Storyboards;
			sourceTree = "<group>";
		};
/* End PBXGroup section */

/* Begin PBXNativeTarget section */
		2013A5342593631500C85AD3 /* ContactList */ = {
			isa = PBXNativeTarget;
			buildConfigurationList = 2013A5492593631900C85AD3 /* Build configuration list for PBXNativeTarget "ContactList" */;
			buildPhases = (
				2013A5312593631500C85AD3 /* Sources */,
				2013A5322593631500C85AD3 /* Frameworks */,
				2013A5332593631500C85AD3 /* Resources */,
			);
			buildRules = (
			);
			dependencies = (
			);
			name = ContactList;
			productName = ContactList;
			productReference = 2013A5352593631500C85AD3 /* ContactList.app */;
			productType = "com.apple.product-type.application";
		};
/* End PBXNativeTarget section */

/* Begin PBXProject section */
		2013A52D2593631500C85AD3 /* Project object */ = {
			isa = PBXProject;
			attributes = {
				LastSwiftUpdateCheck = 1230;
				LastUpgradeCheck = 1230;
				TargetAttributes = {
					2013A5342593631500C85AD3 = {
						CreatedOnToolsVersion = 12.3;
					};
				};
			};
			buildConfigurationList = 2013A5302593631500C85AD3 /* Build configuration list for PBXProject "ContactList" */;
			compatibilityVersion = "Xcode 9.3";
			developmentRegion = en;
			hasScannedForEncodings = 0;
			knownRegions = (
				en,
				Base,
			);
			mainGroup = 2013A52C2593631500C85AD3;
			productRefGroup = 2013A5362593631500C85AD3 /* Products */;
			projectDirPath = "";
			projectRoot = "";
			targets = (
				2013A5342593631500C85AD3 /* ContactList */,
			);
		};
/* End PBXProject section */

/* Begin PBXResourcesBuildPhase section */
		2013A5332593631500C85AD3 /* Resources */ = {
			isa = PBXResourcesBuildPhase;
			buildActionMask = 2147483647;
			files = (
				2013A5452593631900C85AD3 /* LaunchScreen.storyboard in Resources */,
				2013A5422593631900C85AD3 /* Assets.xcassets in Resources */,
				2013A5402593631500C85AD3 /* Main.storyboard in Resources */,
			);
			runOnlyForDeploymentPostprocessing = 0;
		};
/* End PBXResourcesBuildPhase section */

/* Begin PBXSourcesBuildPhase section */
		2013A5312593631500C85AD3 /* Sources */ = {
			isa = PBXSourcesBuildPhase;
			buildActionMask = 2147483647;
			files = (
				20B074CF25936EE6002CCB56 /* ContactListTableViewController.swift in Sources */,
				2013A53D2593631500C85AD3 /* PersonsListViewController.swift in Sources */,
				20B074CB25936703002CCB56 /* MockData.swift in Sources */,
				2013A5392593631500C85AD3 /* AppDelegate.swift in Sources */,
				20B074C825936669002CCB56 /* Person.swift in Sources */,
				20B074D22593811C002CCB56 /* PersonInfoViewController.swift in Sources */,
				2013A53B2593631500C85AD3 /* SceneDelegate.swift in Sources */,
			);
			runOnlyForDeploymentPostprocessing = 0;
		};
/* End PBXSourcesBuildPhase section */

/* Begin PBXVariantGroup section */
		2013A53E2593631500C85AD3 /* Main.storyboard */ = {
			isa = PBXVariantGroup;
			children = (
				2013A53F2593631500C85AD3 /* Base */,
			);
			name = Main.storyboard;
			sourceTree = "<group>";
		};
		2013A5432593631900C85AD3 /* LaunchScreen.storyboard */ = {
			isa = PBXVariantGroup;
			children = (
				2013A5442593631900C85AD3 /* Base */,
			);
			name = LaunchScreen.storyboard;
			sourceTree = "<group>";
		};
/* End PBXVariantGroup section */

/* Begin XCBuildConfiguration section */
		2013A5472593631900C85AD3 /* Debug */ = {
			isa = XCBuildConfiguration;
			buildSettings = {
				ALWAYS_SEARCH_USER_PATHS = NO;
				CLANG_ANALYZER_NONNULL = YES;
				CLANG_ANALYZER_NUMBER_OBJECT_CONVERSION = YES_AGGRESSIVE;
				CLANG_CXX_LANGUAGE_STANDARD = "gnu++14";
				CLANG_CXX_LIBRARY = "libc++";
				CLANG_ENABLE_MODULES = YES;
				CLANG_ENABLE_OBJC_ARC = YES;
				CLANG_ENABLE_OBJC_WEAK = YES;
				CLANG_WARN_BLOCK_CAPTURE_AUTORELEASING = YES;
				CLANG_WARN_BOOL_CONVERSION = YES;
				CLANG_WARN_COMMA = YES;
				CLANG_WARN_CONSTANT_CONVERSION = YES;
				CLANG_WARN_DEPRECATED_OBJC_IMPLEMENTATIONS = YES;
				CLANG_WARN_DIRECT_OBJC_ISA_USAGE = YES_ERROR;
				CLANG_WARN_DOCUMENTATION_COMMENTS = YES;
				CLANG_WARN_EMPTY_BODY = YES;
				CLANG_WARN_ENUM_CONVERSION = YES;
				CLANG_WARN_INFINITE_RECURSION = YES;
				CLANG_WARN_INT_CONVERSION = YES;
				CLANG_WARN_NON_LITERAL_NULL_CONVERSION = YES;
				CLANG_WARN_OBJC_IMPLICIT_RETAIN_SELF = YES;
				CLANG_WARN_OBJC_LITERAL_CONVERSION = YES;
				CLANG_WARN_OBJC_ROOT_CLASS = YES_ERROR;
				CLANG_WARN_QUOTED_INCLUDE_IN_FRAMEWORK_HEADER = YES;
				CLANG_WARN_RANGE_LOOP_ANALYSIS = YES;
				CLANG_WARN_STRICT_PROTOTYPES = YES;
				CLANG_WARN_SUSPICIOUS_MOVE = YES;
				CLANG_WARN_UNGUARDED_AVAILABILITY = YES_AGGRESSIVE;
				CLANG_WARN_UNREACHABLE_CODE = YES;
				CLANG_WARN__DUPLICATE_METHOD_MATCH = YES;
				COPY_PHASE_STRIP = NO;
				DEBUG_INFORMATION_FORMAT = dwarf;
				ENABLE_STRICT_OBJC_MSGSEND = YES;
				ENABLE_TESTABILITY = YES;
				GCC_C_LANGUAGE_STANDARD = gnu11;
				GCC_DYNAMIC_NO_PIC = NO;
				GCC_NO_COMMON_BLOCKS = YES;
				GCC_OPTIMIZATION_LEVEL = 0;
				GCC_PREPROCESSOR_DEFINITIONS = (
					"DEBUG=1",
					"$(inherited)",
				);
				GCC_WARN_64_TO_32_BIT_CONVERSION = YES;
				GCC_WARN_ABOUT_RETURN_TYPE = YES_ERROR;
				GCC_WARN_UNDECLARED_SELECTOR = YES;
				GCC_WARN_UNINITIALIZED_AUTOS = YES_AGGRESSIVE;
				GCC_WARN_UNUSED_FUNCTION = YES;
				GCC_WARN_UNUSED_VARIABLE = YES;
				IPHONEOS_DEPLOYMENT_TARGET = 14.0;
				MTL_ENABLE_DEBUG_INFO = INCLUDE_SOURCE;
				MTL_FAST_MATH = YES;
				ONLY_ACTIVE_ARCH = YES;
				SDKROOT = iphoneos;
				SWIFT_ACTIVE_COMPILATION_CONDITIONS = DEBUG;
				SWIFT_OPTIMIZATION_LEVEL = "-Onone";
			};
			name = Debug;
		};
		2013A5482593631900C85AD3 /* Release */ = {
			isa = XCBuildConfiguration;
			buildSettings = {
				ALWAYS_SEARCH_USER_PATHS = NO;
				CLANG_ANALYZER_NONNULL = YES;
				CLANG_ANALYZER_NUMBER_OBJECT_CONVERSION = YES_AGGRESSIVE;
				CLANG_CXX_LANGUAGE_STANDARD = "gnu++14";
				CLANG_CXX_LIBRARY = "libc++";
				CLANG_ENABLE_MODULES = YES;
				CLANG_ENABLE_OBJC_ARC = YES;
				CLANG_ENABLE_OBJC_WEAK = YES;
				CLANG_WARN_BLOCK_CAPTURE_AUTORELEASING = YES;
				CLANG_WARN_BOOL_CONVERSION = YES;
				CLANG_WARN_COMMA = YES;
				CLANG_WARN_CONSTANT_CONVERSION = YES;
				CLANG_WARN_DEPRECATED_OBJC_IMPLEMENTATIONS = YES;
				CLANG_WARN_DIRECT_OBJC_ISA_USAGE = YES_ERROR;
				CLANG_WARN_DOCUMENTATION_COMMENTS = YES;
				CLANG_WARN_EMPTY_BODY = YES;
				CLANG_WARN_ENUM_CONVERSION = YES;
				CLANG_WARN_INFINITE_RECURSION = YES;
				CLANG_WARN_INT_CONVERSION = YES;
				CLANG_WARN_NON_LITERAL_NULL_CONVERSION = YES;
				CLANG_WARN_OBJC_IMPLICIT_RETAIN_SELF = YES;
				CLANG_WARN_OBJC_LITERAL_CONVERSION = YES;
				CLANG_WARN_OBJC_ROOT_CLASS = YES_ERROR;
				CLANG_WARN_QUOTED_INCLUDE_IN_FRAMEWORK_HEADER = YES;
				CLANG_WARN_RANGE_LOOP_ANALYSIS = YES;
				CLANG_WARN_STRICT_PROTOTYPES = YES;
				CLANG_WARN_SUSPICIOUS_MOVE = YES;
				CLANG_WARN_UNGUARDED_AVAILABILITY = YES_AGGRESSIVE;
				CLANG_WARN_UNREACHABLE_CODE = YES;
				CLANG_WARN__DUPLICATE_METHOD_MATCH = YES;
				COPY_PHASE_STRIP = NO;
				DEBUG_INFORMATION_FORMAT = "dwarf-with-dsym";
				ENABLE_NS_ASSERTIONS = NO;
				ENABLE_STRICT_OBJC_MSGSEND = YES;
				GCC_C_LANGUAGE_STANDARD = gnu11;
				GCC_NO_COMMON_BLOCKS = YES;
				GCC_WARN_64_TO_32_BIT_CONVERSION = YES;
				GCC_WARN_ABOUT_RETURN_TYPE = YES_ERROR;
				GCC_WARN_UNDECLARED_SELECTOR = YES;
				GCC_WARN_UNINITIALIZED_AUTOS = YES_AGGRESSIVE;
				GCC_WARN_UNUSED_FUNCTION = YES;
				GCC_WARN_UNUSED_VARIABLE = YES;
				IPHONEOS_DEPLOYMENT_TARGET = 14.0;
				MTL_ENABLE_DEBUG_INFO = NO;
				MTL_FAST_MATH = YES;
				SDKROOT = iphoneos;
				SWIFT_COMPILATION_MODE = wholemodule;
				SWIFT_OPTIMIZATION_LEVEL = "-O";
				VALIDATE_PRODUCT = YES;
			};
			name = Release;
		};
		2013A54A2593631900C85AD3 /* Debug */ = {
			isa = XCBuildConfiguration;
			buildSettings = {
				ASSETCATALOG_COMPILER_APPICON_NAME = AppIcon;
				ASSETCATALOG_COMPILER_GLOBAL_ACCENT_COLOR_NAME = AccentColor;
				CODE_SIGN_STYLE = Automatic;
				DEVELOPMENT_TEAM = ZP5T3JP7G6;
				INFOPLIST_FILE = "ContactList/Supporting Files/Info.plist";
				IPHONEOS_DEPLOYMENT_TARGET = 14.0;
				LD_RUNPATH_SEARCH_PATHS = (
					"$(inherited)",
					"@executable_path/Frameworks",
				);
				PRODUCT_BUNDLE_IDENTIFIER = "com.vladimir-belyaev.ContactList";
				PRODUCT_NAME = "$(TARGET_NAME)";
				SWIFT_VERSION = 5.0;
				TARGETED_DEVICE_FAMILY = 1;
			};
			name = Debug;
		};
		2013A54B2593631900C85AD3 /* Release */ = {
			isa = XCBuildConfiguration;
			buildSettings = {
				ASSETCATALOG_COMPILER_APPICON_NAME = AppIcon;
				ASSETCATALOG_COMPILER_GLOBAL_ACCENT_COLOR_NAME = AccentColor;
				CODE_SIGN_STYLE = Automatic;
				DEVELOPMENT_TEAM = ZP5T3JP7G6;
				INFOPLIST_FILE = "ContactList/Supporting Files/Info.plist";
				IPHONEOS_DEPLOYMENT_TARGET = 14.0;
				LD_RUNPATH_SEARCH_PATHS = (
					"$(inherited)",
					"@executable_path/Frameworks",
				);
				PRODUCT_BUNDLE_IDENTIFIER = "com.vladimir-belyaev.ContactList";
				PRODUCT_NAME = "$(TARGET_NAME)";
				SWIFT_VERSION = 5.0;
				TARGETED_DEVICE_FAMILY = 1;
			};
			name = Release;
		};
/* End XCBuildConfiguration section */

/* Begin XCConfigurationList section */
		2013A5302593631500C85AD3 /* Build configuration list for PBXProject "ContactList" */ = {
			isa = XCConfigurationList;
			buildConfigurations = (
				2013A5472593631900C85AD3 /* Debug */,
				2013A5482593631900C85AD3 /* Release */,
			);
			defaultConfigurationIsVisible = 0;
			defaultConfigurationName = Release;
		};
		2013A5492593631900C85AD3 /* Build configuration list for PBXNativeTarget "ContactList" */ = {
			isa = XCConfigurationList;
			buildConfigurations = (
				2013A54A2593631900C85AD3 /* Debug */,
				2013A54B2593631900C85AD3 /* Release */,
			);
			defaultConfigurationIsVisible = 0;
			defaultConfigurationName = Release;
		};
/* End XCConfigurationList section */
	};
	rootObject = 2013A52D2593631500C85AD3 /* Project object */;
}
